# This file is automatically @generated by Cargo.
# It is not intended for manual editing.
version = 3

[[package]]
name = "cc"
version = "1.2.10"
source = "registry+https://github.com/rust-lang/crates.io-index"
checksum = "13208fcbb66eaeffe09b99fffbe1af420f00a7b35aa99ad683dfc1aa76145229"
dependencies = [
 "shlex",
]

[[package]]
name = "cmake"
version = "0.1.53"
source = "registry+https://github.com/rust-lang/crates.io-index"
checksum = "e24a03c8b52922d68a1589ad61032f2c1aa5a8158d2aa0d93c6e9534944bbad6"
dependencies = [
 "cc",
]

[[package]]
name = "policy-styx"
version = "0.1.0"

[[package]]
name = "policy-styx-sys"
version = "0.1.0"
dependencies = [
 "cmake",
]

[[package]]
name = "shlex"
version = "1.3.0"
source = "registry+https://github.com/rust-lang/crates.io-index"
checksum = "0fda2ff0d084019ba4d7c6f371c95d8fd75ce3524c3cb8fb653a3023f6323e64"
